
Microsoft Visual Studio Solution File, Format Version 12.00
# Visual Studio 2013
VisualStudioVersion = 12.0.30501.0
MinimumVisualStudioVersion = 10.0.40219.1
Project("{FAE04EC0-301F-11D3-BF4B-00C04F79EFBC}") = "MVC4To5Example", "MVC4To5Example\MVC4To5Example.csproj", "{B270C5CA-FD5C-498F-85E6-CA20118C9E8D}"
EndProject
Project("{FAE04EC0-301F-11D3-BF4B-00C04F79EFBC}") = "MVC4To5Example.Tests", "MVC4To5Example.Tests\MVC4To5Example.Tests.csproj", "{800DFC6E-944D-490B-969F-3EE42B9BAFFF}"
EndProject
Global
	GlobalSection(SolutionConfigurationPlatforms) = preSolution
		Debug|Any CPU = Debug|Any CPU
		devserver|Any CPU = devserver|Any CPU
		Release|Any CPU = Release|Any CPU
	EndGlobalSection
	GlobalSection(ProjectConfigurationPlatforms) = postSolution
		{B270C5CA-FD5C-498F-85E6-CA20118C9E8D}.Debug|Any CPU.ActiveCfg = Debug|Any CPU
		{B270C5CA-FD5C-498F-85E6-CA20118C9E8D}.Debug|Any CPU.Build.0 = Debug|Any CPU
		{B270C5CA-FD5C-498F-85E6-CA20118C9E8D}.devserver|Any CPU.ActiveCfg = devserver|Any CPU
		{B270C5CA-FD5C-498F-85E6-CA20118C9E8D}.devserver|Any CPU.Build.0 = devserver|Any CPU
		{B270C5CA-FD5C-498F-85E6-CA20118C9E8D}.Release|Any CPU.ActiveCfg = Release|Any CPU
		{B270C5CA-FD5C-498F-85E6-CA20118C9E8D}.Release|Any CPU.Build.0 = Release|Any CPU
		{800DFC6E-944D-490B-969F-3EE42B9BAFFF}.Debug|Any CPU.ActiveCfg = Debug|Any CPU
		{800DFC6E-944D-490B-969F-3EE42B9BAFFF}.Debug|Any CPU.Build.0 = Debug|Any CPU
		{800DFC6E-944D-490B-969F-3EE42B9BAFFF}.devserver|Any CPU.ActiveCfg = devserver|Any CPU
		{800DFC6E-944D-490B-969F-3EE42B9BAFFF}.devserver|Any CPU.Build.0 = devserver|Any CPU
		{800DFC6E-944D-490B-969F-3EE42B9BAFFF}.Release|Any CPU.ActiveCfg = Release|Any CPU
		{800DFC6E-944D-490B-969F-3EE42B9BAFFF}.Release|Any CPU.Build.0 = Release|Any CPU
	EndGlobalSection
	GlobalSection(SolutionProperties) = preSolution
		HideSolutionNode = FALSE
	EndGlobalSection
EndGlobal
