
Microsoft Visual Studio Solution File, Format Version 12.00
# Visual Studio 2013
VisualStudioVersion = 12.0.30501.0
MinimumVisualStudioVersion = 10.0.40219.1
Project("{FAE04EC0-301F-11D3-BF4B-00C04F79EFBC}") = "Version4", "Version4\Version4.csproj", "{19621618-C412-42F2-B9EF-180534A54B8C}"
EndProject
Project("{FAE04EC0-301F-11D3-BF4B-00C04F79EFBC}") = "Version4.Tests", "Version4.Tests\Version4.Tests.csproj", "{B87B1595-49F6-4018-BA92-393E25C83A2E}"
EndProject
Global
	GlobalSection(SolutionConfigurationPlatforms) = preSolution
		Debug|Any CPU = Debug|Any CPU
		Release|Any CPU = Release|Any CPU
	EndGlobalSection
	GlobalSection(ProjectConfigurationPlatforms) = postSolution
		{19621618-C412-42F2-B9EF-180534A54B8C}.Debug|Any CPU.ActiveCfg = Debug|Any CPU
		{19621618-C412-42F2-B9EF-180534A54B8C}.Debug|Any CPU.Build.0 = Debug|Any CPU
		{19621618-C412-42F2-B9EF-180534A54B8C}.Release|Any CPU.ActiveCfg = Release|Any CPU
		{19621618-C412-42F2-B9EF-180534A54B8C}.Release|Any CPU.Build.0 = Release|Any CPU
		{B87B1595-49F6-4018-BA92-393E25C83A2E}.Debug|Any CPU.ActiveCfg = Debug|Any CPU
		{B87B1595-49F6-4018-BA92-393E25C83A2E}.Debug|Any CPU.Build.0 = Debug|Any CPU
		{B87B1595-49F6-4018-BA92-393E25C83A2E}.Release|Any CPU.ActiveCfg = Release|Any CPU
		{B87B1595-49F6-4018-BA92-393E25C83A2E}.Release|Any CPU.Build.0 = Release|Any CPU
	EndGlobalSection
	GlobalSection(SolutionProperties) = preSolution
		HideSolutionNode = FALSE
	EndGlobalSection
EndGlobal
