
Microsoft Visual Studio Solution File, Format Version 12.00
# Visual Studio 2013
VisualStudioVersion = 12.0.30501.0
MinimumVisualStudioVersion = 10.0.40219.1
Project("{FAE04EC0-301F-11D3-BF4B-00C04F79EFBC}") = "mvc45tO5", "mvc45tO5\mvc45tO5.csproj", "{E13F96CF-5CFD-42E6-9DE8-4F48342A9B0D}"
EndProject
Project("{FAE04EC0-301F-11D3-BF4B-00C04F79EFBC}") = "mvc45tO5.Tests", "mvc45tO5.Tests\mvc45tO5.Tests.csproj", "{AE131510-222F-40D6-B2AE-0C15FD7683D5}"
EndProject
Global
	GlobalSection(SolutionConfigurationPlatforms) = preSolution
		Debug|Any CPU = Debug|Any CPU
		Release|Any CPU = Release|Any CPU
	EndGlobalSection
	GlobalSection(ProjectConfigurationPlatforms) = postSolution
		{E13F96CF-5CFD-42E6-9DE8-4F48342A9B0D}.Debug|Any CPU.ActiveCfg = Debug|Any CPU
		{E13F96CF-5CFD-42E6-9DE8-4F48342A9B0D}.Debug|Any CPU.Build.0 = Debug|Any CPU
		{E13F96CF-5CFD-42E6-9DE8-4F48342A9B0D}.Release|Any CPU.ActiveCfg = Release|Any CPU
		{E13F96CF-5CFD-42E6-9DE8-4F48342A9B0D}.Release|Any CPU.Build.0 = Release|Any CPU
		{AE131510-222F-40D6-B2AE-0C15FD7683D5}.Debug|Any CPU.ActiveCfg = Debug|Any CPU
		{AE131510-222F-40D6-B2AE-0C15FD7683D5}.Debug|Any CPU.Build.0 = Debug|Any CPU
		{AE131510-222F-40D6-B2AE-0C15FD7683D5}.Release|Any CPU.ActiveCfg = Release|Any CPU
		{AE131510-222F-40D6-B2AE-0C15FD7683D5}.Release|Any CPU.Build.0 = Release|Any CPU
	EndGlobalSection
	GlobalSection(SolutionProperties) = preSolution
		HideSolutionNode = FALSE
	EndGlobalSection
EndGlobal
