
Microsoft Visual Studio Solution File, Format Version 12.00
# Visual Studio 2013
VisualStudioVersion = 12.0.30501.0
MinimumVisualStudioVersion = 10.0.40219.1
Project("{FAE04EC0-301F-11D3-BF4B-00C04F79EFBC}") = "MVC4Starter", "MVC4Starter\MVC4Starter.csproj", "{B1213AC8-E8DD-4294-A9A1-0F14FDBD731E}"
EndProject
Project("{FAE04EC0-301F-11D3-BF4B-00C04F79EFBC}") = "MVC4Starter.Tests", "MVC4Starter.Tests\MVC4Starter.Tests.csproj", "{4B2CF3D8-96FF-492E-BF84-5F4A53088146}"
EndProject
Global
	GlobalSection(SolutionConfigurationPlatforms) = preSolution
		Debug|Any CPU = Debug|Any CPU
		Release|Any CPU = Release|Any CPU
	EndGlobalSection
	GlobalSection(ProjectConfigurationPlatforms) = postSolution
		{B1213AC8-E8DD-4294-A9A1-0F14FDBD731E}.Debug|Any CPU.ActiveCfg = Debug|Any CPU
		{B1213AC8-E8DD-4294-A9A1-0F14FDBD731E}.Debug|Any CPU.Build.0 = Debug|Any CPU
		{B1213AC8-E8DD-4294-A9A1-0F14FDBD731E}.Release|Any CPU.ActiveCfg = Release|Any CPU
		{B1213AC8-E8DD-4294-A9A1-0F14FDBD731E}.Release|Any CPU.Build.0 = Release|Any CPU
		{4B2CF3D8-96FF-492E-BF84-5F4A53088146}.Debug|Any CPU.ActiveCfg = Debug|Any CPU
		{4B2CF3D8-96FF-492E-BF84-5F4A53088146}.Debug|Any CPU.Build.0 = Debug|Any CPU
		{4B2CF3D8-96FF-492E-BF84-5F4A53088146}.Release|Any CPU.ActiveCfg = Release|Any CPU
		{4B2CF3D8-96FF-492E-BF84-5F4A53088146}.Release|Any CPU.Build.0 = Release|Any CPU
	EndGlobalSection
	GlobalSection(SolutionProperties) = preSolution
		HideSolutionNode = FALSE
	EndGlobalSection
EndGlobal
